// !$*UTF8*$!
{
	archiveVersion = 1;
	classes = {
	};
	objectVersion = 56;
	objects = {

/* Begin PBXBuildFile section */
		0004E7C22B86A2E8008EBCF9 /* CopyTextDemoFeature.swift in Sources */ = {isa = PBXBuildFile; fileRef = 0004E7C12B86A2E8008EBCF9 /* CopyTextDemoFeature.swift */; };
		0004E7C42B86A2F4008EBCF9 /* CopyTextDemoView.swift in Sources */ = {isa = PBXBuildFile; fileRef = 0004E7C32B86A2F4008EBCF9 /* CopyTextDemoView.swift */; };
		0004E7C62B86A313008EBCF9 /* CopyTextDemoTests.swift in Sources */ = {isa = PBXBuildFile; fileRef = 0004E7C52B86A313008EBCF9 /* CopyTextDemoTests.swift */; };
		004F27742AE6DF3A00D118BA /* ComposableArchitecture in Frameworks */ = {isa = PBXBuildFile; productRef = 004F27732AE6DF3A00D118BA /* ComposableArchitecture */; };
		00BC0F6D2B632FE2000FC408 /* HoodsTestsTools in Frameworks */ = {isa = PBXBuildFile; productRef = 00BC0F6C2B632FE2000FC408 /* HoodsTestsTools */; };
		00D120752C88E997001CDA65 /* ImagePickerFeature.swift in Sources */ = {isa = PBXBuildFile; fileRef = 00D120742C88E997001CDA65 /* ImagePickerFeature.swift */; };
		00D120772C88E99C001CDA65 /* ImagePickerView.swift in Sources */ = {isa = PBXBuildFile; fileRef = 00D120762C88E99C001CDA65 /* ImagePickerView.swift */; };
		00D1207A2C88EA5A001CDA65 /* ImagePickerDemoFeature.swift in Sources */ = {isa = PBXBuildFile; fileRef = 00D120782C88EA59001CDA65 /* ImagePickerDemoFeature.swift */; };
		00D1207B2C88EA5A001CDA65 /* ImagePickerDemoView.swift in Sources */ = {isa = PBXBuildFile; fileRef = 00D120792C88EA5A001CDA65 /* ImagePickerDemoView.swift */; };
		00D428992AE6DF5F00397074 /* Hoods in Frameworks */ = {isa = PBXBuildFile; productRef = 00D428982AE6DF5F00397074 /* Hoods */; };
		00DCF43B2B62A8EC00082C13 /* InlineSnapshotTesting in Frameworks */ = {isa = PBXBuildFile; productRef = 00DCF43A2B62A8EC00082C13 /* InlineSnapshotTesting */; };
		00DCF43D2B62A8EC00082C13 /* SnapshotTesting in Frameworks */ = {isa = PBXBuildFile; productRef = 00DCF43C2B62A8EC00082C13 /* SnapshotTesting */; };
		00DCF4402B62CFD400082C13 /* MailButtonDemoFeature.swift in Sources */ = {isa = PBXBuildFile; fileRef = 00DCF43F2B62CFD400082C13 /* MailButtonDemoFeature.swift */; };
		00DCF4422B62CFED00082C13 /* MailButtonDemoView.swift in Sources */ = {isa = PBXBuildFile; fileRef = 00DCF4412B62CFED00082C13 /* MailButtonDemoView.swift */; };
		00DCF4442B62CFF800082C13 /* MailButtonDemoTests.swift in Sources */ = {isa = PBXBuildFile; fileRef = 00DCF4432B62CFF800082C13 /* MailButtonDemoTests.swift */; };
		00F6F5582A66CBE40088B530 /* HoodsApp.swift in Sources */ = {isa = PBXBuildFile; fileRef = 00F6F5572A66CBE40088B530 /* HoodsApp.swift */; };
		00F6F55C2A66CBE50088B530 /* Assets.xcassets in Resources */ = {isa = PBXBuildFile; fileRef = 00F6F55B2A66CBE50088B530 /* Assets.xcassets */; };
		00F6F55F2A66CBE50088B530 /* Preview Assets.xcassets in Resources */ = {isa = PBXBuildFile; fileRef = 00F6F55E2A66CBE50088B530 /* Preview Assets.xcassets */; };
		00F6F5692A66CBE50088B530 /* HoodsAppTests.swift in Sources */ = {isa = PBXBuildFile; fileRef = 00F6F5682A66CBE50088B530 /* HoodsAppTests.swift */; };
		00F84B002A66D7B100A7EC95 /* RootView.swift in Sources */ = {isa = PBXBuildFile; fileRef = 00F84AFF2A66D7B100A7EC95 /* RootView.swift */; };
/* End PBXBuildFile section */

/* Begin PBXContainerItemProxy section */
		00E119792A6859610075269E /* PBXContainerItemProxy */ = {
			isa = PBXContainerItemProxy;
			containerPortal = 00F6F54C2A66CBE40088B530 /* Project object */;
			proxyType = 1;
			remoteGlobalIDString = 00F6F5532A66CBE40088B530;
			remoteInfo = HoodsApp;
		};
/* End PBXContainerItemProxy section */

/* Begin PBXFileReference section */
		0004E7C12B86A2E8008EBCF9 /* CopyTextDemoFeature.swift */ = {isa = PBXFileReference; lastKnownFileType = sourcecode.swift; path = CopyTextDemoFeature.swift; sourceTree = "<group>"; };
		0004E7C32B86A2F4008EBCF9 /* CopyTextDemoView.swift */ = {isa = PBXFileReference; lastKnownFileType = sourcecode.swift; path = CopyTextDemoView.swift; sourceTree = "<group>"; };
		0004E7C52B86A313008EBCF9 /* CopyTextDemoTests.swift */ = {isa = PBXFileReference; lastKnownFileType = sourcecode.swift; path = CopyTextDemoTests.swift; sourceTree = "<group>"; };
		00CC6CBA2A68425F0093300A /* DefaultTestPlan.xctestplan */ = {isa = PBXFileReference; lastKnownFileType = text; path = DefaultTestPlan.xctestplan; sourceTree = "<group>"; };
		00D120742C88E997001CDA65 /* ImagePickerFeature.swift */ = {isa = PBXFileReference; fileEncoding = 4; lastKnownFileType = sourcecode.swift; path = ImagePickerFeature.swift; sourceTree = "<group>"; };
		00D120762C88E99C001CDA65 /* ImagePickerView.swift */ = {isa = PBXFileReference; fileEncoding = 4; lastKnownFileType = sourcecode.swift; path = ImagePickerView.swift; sourceTree = "<group>"; };
		00D120782C88EA59001CDA65 /* ImagePickerDemoFeature.swift */ = {isa = PBXFileReference; fileEncoding = 4; lastKnownFileType = sourcecode.swift; path = ImagePickerDemoFeature.swift; sourceTree = "<group>"; };
		00D120792C88EA5A001CDA65 /* ImagePickerDemoView.swift */ = {isa = PBXFileReference; fileEncoding = 4; lastKnownFileType = sourcecode.swift; path = ImagePickerDemoView.swift; sourceTree = "<group>"; };
		00DCF43F2B62CFD400082C13 /* MailButtonDemoFeature.swift */ = {isa = PBXFileReference; lastKnownFileType = sourcecode.swift; path = MailButtonDemoFeature.swift; sourceTree = "<group>"; };
		00DCF4412B62CFED00082C13 /* MailButtonDemoView.swift */ = {isa = PBXFileReference; lastKnownFileType = sourcecode.swift; path = MailButtonDemoView.swift; sourceTree = "<group>"; };
		00DCF4432B62CFF800082C13 /* MailButtonDemoTests.swift */ = {isa = PBXFileReference; lastKnownFileType = sourcecode.swift; path = MailButtonDemoTests.swift; sourceTree = "<group>"; };
		00F6F5542A66CBE40088B530 /* HoodsApp.app */ = {isa = PBXFileReference; explicitFileType = wrapper.application; includeInIndex = 0; path = HoodsApp.app; sourceTree = BUILT_PRODUCTS_DIR; };
		00F6F5572A66CBE40088B530 /* HoodsApp.swift */ = {isa = PBXFileReference; lastKnownFileType = sourcecode.swift; path = HoodsApp.swift; sourceTree = "<group>"; };
		00F6F55B2A66CBE50088B530 /* Assets.xcassets */ = {isa = PBXFileReference; lastKnownFileType = folder.assetcatalog; path = Assets.xcassets; sourceTree = "<group>"; };
		00F6F55E2A66CBE50088B530 /* Preview Assets.xcassets */ = {isa = PBXFileReference; lastKnownFileType = folder.assetcatalog; path = "Preview Assets.xcassets"; sourceTree = "<group>"; };
		00F6F5642A66CBE50088B530 /* HoodsAppTests.xctest */ = {isa = PBXFileReference; explicitFileType = wrapper.cfbundle; includeInIndex = 0; path = HoodsAppTests.xctest; sourceTree = BUILT_PRODUCTS_DIR; };
		00F6F5682A66CBE50088B530 /* HoodsAppTests.swift */ = {isa = PBXFileReference; lastKnownFileType = sourcecode.swift; path = HoodsAppTests.swift; sourceTree = "<group>"; };
		00F84AFF2A66D7B100A7EC95 /* RootView.swift */ = {isa = PBXFileReference; lastKnownFileType = sourcecode.swift; path = RootView.swift; sourceTree = "<group>"; };
		00F84B012A66DE0B00A7EC95 /* Info.plist */ = {isa = PBXFileReference; lastKnownFileType = text.plist.xml; path = Info.plist; sourceTree = "<group>"; };
/* End PBXFileReference section */

/* Begin PBXFrameworksBuildPhase section */
		00F6F5512A66CBE40088B530 /* Frameworks */ = {
			isa = PBXFrameworksBuildPhase;
			buildActionMask = 2147483647;
			files = (
				004F27742AE6DF3A00D118BA /* ComposableArchitecture in Frameworks */,
				00BC0F6D2B632FE2000FC408 /* HoodsTestsTools in Frameworks */,
				00D428992AE6DF5F00397074 /* Hoods in Frameworks */,
			);
			runOnlyForDeploymentPostprocessing = 0;
		};
		00F6F5612A66CBE50088B530 /* Frameworks */ = {
			isa = PBXFrameworksBuildPhase;
			buildActionMask = 2147483647;
			files = (
				00DCF43B2B62A8EC00082C13 /* InlineSnapshotTesting in Frameworks */,
				00DCF43D2B62A8EC00082C13 /* SnapshotTesting in Frameworks */,
			);
			runOnlyForDeploymentPostprocessing = 0;
		};
/* End PBXFrameworksBuildPhase section */

/* Begin PBXGroup section */
		0004E7C02B86A2B7008EBCF9 /* CopyTextDemo */ = {
			isa = PBXGroup;
			children = (
				0004E7C12B86A2E8008EBCF9 /* CopyTextDemoFeature.swift */,
				0004E7C32B86A2F4008EBCF9 /* CopyTextDemoView.swift */,
			);
			path = CopyTextDemo;
			sourceTree = "<group>";
		};
		00D120732C88E987001CDA65 /* ImagePickerDemo */ = {
			isa = PBXGroup;
			children = (
				00D120782C88EA59001CDA65 /* ImagePickerDemoFeature.swift */,
				00D120792C88EA5A001CDA65 /* ImagePickerDemoView.swift */,
				00D120742C88E997001CDA65 /* ImagePickerFeature.swift */,
				00D120762C88E99C001CDA65 /* ImagePickerView.swift */,
			);
			path = ImagePickerDemo;
			sourceTree = "<group>";
		};
		00DCF43E2B62CFBE00082C13 /* MailButtonDemo */ = {
			isa = PBXGroup;
			children = (
				00DCF43F2B62CFD400082C13 /* MailButtonDemoFeature.swift */,
				00DCF4412B62CFED00082C13 /* MailButtonDemoView.swift */,
			);
			path = MailButtonDemo;
			sourceTree = "<group>";
		};
		00F6F54B2A66CBE40088B530 = {
			isa = PBXGroup;
			children = (
				00F6F5562A66CBE40088B530 /* HoodsApp */,
				00F6F5672A66CBE50088B530 /* HoodsAppTests */,
				00F6F5552A66CBE40088B530 /* Products */,
				00F84AFC2A66D10A00A7EC95 /* Frameworks */,
			);
			sourceTree = "<group>";
		};
		00F6F5552A66CBE40088B530 /* Products */ = {
			isa = PBXGroup;
			children = (
				00F6F5542A66CBE40088B530 /* HoodsApp.app */,
				00F6F5642A66CBE50088B530 /* HoodsAppTests.xctest */,
			);
			name = Products;
			sourceTree = "<group>";
		};
		00F6F5562A66CBE40088B530 /* HoodsApp */ = {
			isa = PBXGroup;
			children = (
				0004E7C02B86A2B7008EBCF9 /* CopyTextDemo */,
				00D120732C88E987001CDA65 /* ImagePickerDemo */,
				00DCF43E2B62CFBE00082C13 /* MailButtonDemo */,
				00F84B012A66DE0B00A7EC95 /* Info.plist */,
				00F6F5572A66CBE40088B530 /* HoodsApp.swift */,
				00F84AFF2A66D7B100A7EC95 /* RootView.swift */,
				00F6F55B2A66CBE50088B530 /* Assets.xcassets */,
				00F6F55D2A66CBE50088B530 /* Preview Content */,
			);
			path = HoodsApp;
			sourceTree = "<group>";
		};
		00F6F55D2A66CBE50088B530 /* Preview Content */ = {
			isa = PBXGroup;
			children = (
				00F6F55E2A66CBE50088B530 /* Preview Assets.xcassets */,
			);
			path = "Preview Content";
			sourceTree = "<group>";
		};
		00F6F5672A66CBE50088B530 /* HoodsAppTests */ = {
			isa = PBXGroup;
			children = (
				00F6F5682A66CBE50088B530 /* HoodsAppTests.swift */,
				00CC6CBA2A68425F0093300A /* DefaultTestPlan.xctestplan */,
				00DCF4432B62CFF800082C13 /* MailButtonDemoTests.swift */,
				0004E7C52B86A313008EBCF9 /* CopyTextDemoTests.swift */,
			);
			path = HoodsAppTests;
			sourceTree = "<group>";
		};
		00F84AFC2A66D10A00A7EC95 /* Frameworks */ = {
			isa = PBXGroup;
			children = (
			);
			name = Frameworks;
			sourceTree = "<group>";
		};
/* End PBXGroup section */

/* Begin PBXNativeTarget section */
		00F6F5532A66CBE40088B530 /* HoodsApp */ = {
			isa = PBXNativeTarget;
			buildConfigurationList = 00F6F5782A66CBE50088B530 /* Build configuration list for PBXNativeTarget "HoodsApp" */;
			buildPhases = (
				00F6F5502A66CBE40088B530 /* Sources */,
				00F6F5512A66CBE40088B530 /* Frameworks */,
				00F6F5522A66CBE40088B530 /* Resources */,
			);
			buildRules = (
			);
			dependencies = (
			);
			name = HoodsApp;
			packageProductDependencies = (
				004F27732AE6DF3A00D118BA /* ComposableArchitecture */,
				00D428982AE6DF5F00397074 /* Hoods */,
				00BC0F6C2B632FE2000FC408 /* HoodsTestsTools */,
			);
			productName = HoodsApp;
			productReference = 00F6F5542A66CBE40088B530 /* HoodsApp.app */;
			productType = "com.apple.product-type.application";
		};
		00F6F5632A66CBE50088B530 /* HoodsAppTests */ = {
			isa = PBXNativeTarget;
			buildConfigurationList = 00F6F57B2A66CBE50088B530 /* Build configuration list for PBXNativeTarget "HoodsAppTests" */;
			buildPhases = (
				00F6F5602A66CBE50088B530 /* Sources */,
				00F6F5612A66CBE50088B530 /* Frameworks */,
				00F6F5622A66CBE50088B530 /* Resources */,
			);
			buildRules = (
			);
			dependencies = (
				00E1197A2A6859610075269E /* PBXTargetDependency */,
			);
			name = HoodsAppTests;
			packageProductDependencies = (
				00DCF43A2B62A8EC00082C13 /* InlineSnapshotTesting */,
				00DCF43C2B62A8EC00082C13 /* SnapshotTesting */,
			);
			productName = HoodsAppTests;
			productReference = 00F6F5642A66CBE50088B530 /* HoodsAppTests.xctest */;
			productType = "com.apple.product-type.bundle.unit-test";
		};
/* End PBXNativeTarget section */

/* Begin PBXProject section */
		00F6F54C2A66CBE40088B530 /* Project object */ = {
			isa = PBXProject;
			attributes = {
				BuildIndependentTargetsInParallel = 1;
				LastSwiftUpdateCheck = 1430;
				LastUpgradeCheck = 1520;
				TargetAttributes = {
					00F6F5532A66CBE40088B530 = {
						CreatedOnToolsVersion = 14.3.1;
					};
					00F6F5632A66CBE50088B530 = {
						CreatedOnToolsVersion = 14.3.1;
						TestTargetID = 00F6F5532A66CBE40088B530;
					};
				};
			};
			buildConfigurationList = 00F6F54F2A66CBE40088B530 /* Build configuration list for PBXProject "HoodsApp" */;
			compatibilityVersion = "Xcode 14.0";
			developmentRegion = en;
			hasScannedForEncodings = 0;
			knownRegions = (
				en,
				Base,
			);
			mainGroup = 00F6F54B2A66CBE40088B530;
			packageReferences = (
				004F27722AE6DF3A00D118BA /* XCRemoteSwiftPackageReference "swift-composable-architecture" */,
				00DCF4392B62A8EC00082C13 /* XCRemoteSwiftPackageReference "swift-snapshot-testing" */,
			);
			productRefGroup = 00F6F5552A66CBE40088B530 /* Products */;
			projectDirPath = "";
			projectRoot = "";
			targets = (
				00F6F5532A66CBE40088B530 /* HoodsApp */,
				00F6F5632A66CBE50088B530 /* HoodsAppTests */,
			);
		};
/* End PBXProject section */

/* Begin PBXResourcesBuildPhase section */
		00F6F5522A66CBE40088B530 /* Resources */ = {
			isa = PBXResourcesBuildPhase;
			buildActionMask = 2147483647;
			files = (
				00F6F55F2A66CBE50088B530 /* Preview Assets.xcassets in Resources */,
				00F6F55C2A66CBE50088B530 /* Assets.xcassets in Resources */,
			);
			runOnlyForDeploymentPostprocessing = 0;
		};
		00F6F5622A66CBE50088B530 /* Resources */ = {
			isa = PBXResourcesBuildPhase;
			buildActionMask = 2147483647;
			files = (
			);
			runOnlyForDeploymentPostprocessing = 0;
		};
/* End PBXResourcesBuildPhase section */

/* Begin PBXSourcesBuildPhase section */
		00F6F5502A66CBE40088B530 /* Sources */ = {
			isa = PBXSourcesBuildPhase;
			buildActionMask = 2147483647;
			files = (
				00DCF4402B62CFD400082C13 /* MailButtonDemoFeature.swift in Sources */,
				00F6F5582A66CBE40088B530 /* HoodsApp.swift in Sources */,
				00D120752C88E997001CDA65 /* ImagePickerFeature.swift in Sources */,
				0004E7C22B86A2E8008EBCF9 /* CopyTextDemoFeature.swift in Sources */,
				00D1207B2C88EA5A001CDA65 /* ImagePickerDemoView.swift in Sources */,
				00D1207A2C88EA5A001CDA65 /* ImagePickerDemoFeature.swift in Sources */,
				00D120772C88E99C001CDA65 /* ImagePickerView.swift in Sources */,
				00DCF4422B62CFED00082C13 /* MailButtonDemoView.swift in Sources */,
				0004E7C42B86A2F4008EBCF9 /* CopyTextDemoView.swift in Sources */,
				00F84B002A66D7B100A7EC95 /* RootView.swift in Sources */,
			);
			runOnlyForDeploymentPostprocessing = 0;
		};
		00F6F5602A66CBE50088B530 /* Sources */ = {
			isa = PBXSourcesBuildPhase;
			buildActionMask = 2147483647;
			files = (
				0004E7C62B86A313008EBCF9 /* CopyTextDemoTests.swift in Sources */,
				00F6F5692A66CBE50088B530 /* HoodsAppTests.swift in Sources */,
				00DCF4442B62CFF800082C13 /* MailButtonDemoTests.swift in Sources */,
			);
			runOnlyForDeploymentPostprocessing = 0;
		};
/* End PBXSourcesBuildPhase section */

/* Begin PBXTargetDependency section */
		00E1197A2A6859610075269E /* PBXTargetDependency */ = {
			isa = PBXTargetDependency;
			target = 00F6F5532A66CBE40088B530 /* HoodsApp */;
			targetProxy = 00E119792A6859610075269E /* PBXContainerItemProxy */;
		};
/* End PBXTargetDependency section */

/* Begin XCBuildConfiguration section */
		00F6F5762A66CBE50088B530 /* Debug */ = {
			isa = XCBuildConfiguration;
			buildSettings = {
				ALWAYS_SEARCH_USER_PATHS = NO;
				CLANG_ANALYZER_NONNULL = YES;
				CLANG_ANALYZER_NUMBER_OBJECT_CONVERSION = YES_AGGRESSIVE;
				CLANG_CXX_LANGUAGE_STANDARD = "gnu++20";
				CLANG_ENABLE_MODULES = YES;
				CLANG_ENABLE_OBJC_ARC = YES;
				CLANG_ENABLE_OBJC_WEAK = YES;
				CLANG_WARN_BLOCK_CAPTURE_AUTORELEASING = YES;
				CLANG_WARN_BOOL_CONVERSION = YES;
				CLANG_WARN_COMMA = YES;
				CLANG_WARN_CONSTANT_CONVERSION = YES;
				CLANG_WARN_DEPRECATED_OBJC_IMPLEMENTATIONS = YES;
				CLANG_WARN_DIRECT_OBJC_ISA_USAGE = YES_ERROR;
				CLANG_WARN_DOCUMENTATION_COMMENTS = YES;
				CLANG_WARN_EMPTY_BODY = YES;
				CLANG_WARN_ENUM_CONVERSION = YES;
				CLANG_WARN_INFINITE_RECURSION = YES;
				CLANG_WARN_INT_CONVERSION = YES;
				CLANG_WARN_NON_LITERAL_NULL_CONVERSION = YES;
				CLANG_WARN_OBJC_IMPLICIT_RETAIN_SELF = YES;
				CLANG_WARN_OBJC_LITERAL_CONVERSION = YES;
				CLANG_WARN_OBJC_ROOT_CLASS = YES_ERROR;
				CLANG_WARN_QUOTED_INCLUDE_IN_FRAMEWORK_HEADER = YES;
				CLANG_WARN_RANGE_LOOP_ANALYSIS = YES;
				CLANG_WARN_STRICT_PROTOTYPES = YES;
				CLANG_WARN_SUSPICIOUS_MOVE = YES;
				CLANG_WARN_UNGUARDED_AVAILABILITY = YES_AGGRESSIVE;
				CLANG_WARN_UNREACHABLE_CODE = YES;
				CLANG_WARN__DUPLICATE_METHOD_MATCH = YES;
				COPY_PHASE_STRIP = NO;
				DEBUG_INFORMATION_FORMAT = dwarf;
				ENABLE_STRICT_OBJC_MSGSEND = YES;
				ENABLE_TESTABILITY = YES;
				ENABLE_USER_SCRIPT_SANDBOXING = YES;
				GCC_C_LANGUAGE_STANDARD = gnu11;
				GCC_DYNAMIC_NO_PIC = NO;
				GCC_NO_COMMON_BLOCKS = YES;
				GCC_OPTIMIZATION_LEVEL = 0;
				GCC_PREPROCESSOR_DEFINITIONS = (
					"DEBUG=1",
					"$(inherited)",
				);
				GCC_WARN_64_TO_32_BIT_CONVERSION = YES;
				GCC_WARN_ABOUT_RETURN_TYPE = YES_ERROR;
				GCC_WARN_UNDECLARED_SELECTOR = YES;
				GCC_WARN_UNINITIALIZED_AUTOS = YES_AGGRESSIVE;
				GCC_WARN_UNUSED_FUNCTION = YES;
				GCC_WARN_UNUSED_VARIABLE = YES;
				IPHONEOS_DEPLOYMENT_TARGET = 17.0;
				MTL_ENABLE_DEBUG_INFO = INCLUDE_SOURCE;
				MTL_FAST_MATH = YES;
				ONLY_ACTIVE_ARCH = YES;
				SDKROOT = iphoneos;
				SWIFT_ACTIVE_COMPILATION_CONDITIONS = DEBUG;
				SWIFT_OPTIMIZATION_LEVEL = "-Onone";
			};
			name = Debug;
		};
		00F6F5772A66CBE50088B530 /* Release */ = {
			isa = XCBuildConfiguration;
			buildSettings = {
				ALWAYS_SEARCH_USER_PATHS = NO;
				CLANG_ANALYZER_NONNULL = YES;
				CLANG_ANALYZER_NUMBER_OBJECT_CONVERSION = YES_AGGRESSIVE;
				CLANG_CXX_LANGUAGE_STANDARD = "gnu++20";
				CLANG_ENABLE_MODULES = YES;
				CLANG_ENABLE_OBJC_ARC = YES;
				CLANG_ENABLE_OBJC_WEAK = YES;
				CLANG_WARN_BLOCK_CAPTURE_AUTORELEASING = YES;
				CLANG_WARN_BOOL_CONVERSION = YES;
				CLANG_WARN_COMMA = YES;
				CLANG_WARN_CONSTANT_CONVERSION = YES;
				CLANG_WARN_DEPRECATED_OBJC_IMPLEMENTATIONS = YES;
				CLANG_WARN_DIRECT_OBJC_ISA_USAGE = YES_ERROR;
				CLANG_WARN_DOCUMENTATION_COMMENTS = YES;
				CLANG_WARN_EMPTY_BODY = YES;
				CLANG_WARN_ENUM_CONVERSION = YES;
				CLANG_WARN_INFINITE_RECURSION = YES;
				CLANG_WARN_INT_CONVERSION = YES;
				CLANG_WARN_NON_LITERAL_NULL_CONVERSION = YES;
				CLANG_WARN_OBJC_IMPLICIT_RETAIN_SELF = YES;
				CLANG_WARN_OBJC_LITERAL_CONVERSION = YES;
				CLANG_WARN_OBJC_ROOT_CLASS = YES_ERROR;
				CLANG_WARN_QUOTED_INCLUDE_IN_FRAMEWORK_HEADER = YES;
				CLANG_WARN_RANGE_LOOP_ANALYSIS = YES;
				CLANG_WARN_STRICT_PROTOTYPES = YES;
				CLANG_WARN_SUSPICIOUS_MOVE = YES;
				CLANG_WARN_UNGUARDED_AVAILABILITY = YES_AGGRESSIVE;
				CLANG_WARN_UNREACHABLE_CODE = YES;
				CLANG_WARN__DUPLICATE_METHOD_MATCH = YES;
				COPY_PHASE_STRIP = NO;
				DEBUG_INFORMATION_FORMAT = "dwarf-with-dsym";
				ENABLE_NS_ASSERTIONS = NO;
				ENABLE_STRICT_OBJC_MSGSEND = YES;
				ENABLE_USER_SCRIPT_SANDBOXING = YES;
				GCC_C_LANGUAGE_STANDARD = gnu11;
				GCC_NO_COMMON_BLOCKS = YES;
				GCC_WARN_64_TO_32_BIT_CONVERSION = YES;
				GCC_WARN_ABOUT_RETURN_TYPE = YES_ERROR;
				GCC_WARN_UNDECLARED_SELECTOR = YES;
				GCC_WARN_UNINITIALIZED_AUTOS = YES_AGGRESSIVE;
				GCC_WARN_UNUSED_FUNCTION = YES;
				GCC_WARN_UNUSED_VARIABLE = YES;
				IPHONEOS_DEPLOYMENT_TARGET = 17.0;
				MTL_ENABLE_DEBUG_INFO = NO;
				MTL_FAST_MATH = YES;
				SDKROOT = iphoneos;
				SWIFT_COMPILATION_MODE = wholemodule;
				SWIFT_OPTIMIZATION_LEVEL = "-O";
				VALIDATE_PRODUCT = YES;
			};
			name = Release;
		};
		00F6F5792A66CBE50088B530 /* Debug */ = {
			isa = XCBuildConfiguration;
			buildSettings = {
				ASSETCATALOG_COMPILER_APPICON_NAME = AppIcon;
				ASSETCATALOG_COMPILER_GLOBAL_ACCENT_COLOR_NAME = AccentColor;
				CODE_SIGN_IDENTITY = "Apple Development";
				CODE_SIGN_STYLE = Automatic;
				CURRENT_PROJECT_VERSION = 1;
				DEVELOPMENT_ASSET_PATHS = "\"HoodsApp/Preview Content\"";
				DEVELOPMENT_TEAM = N77R86QZUG;
				ENABLE_PREVIEWS = YES;
				GENERATE_INFOPLIST_FILE = YES;
				INFOPLIST_FILE = HoodsApp/Info.plist;
				INFOPLIST_KEY_NSCameraUsageDescription = "Here is the content of NSCameraUsageDescription from Info.plist";
				INFOPLIST_KEY_UIApplicationSceneManifest_Generation = YES;
				INFOPLIST_KEY_UIApplicationSupportsIndirectInputEvents = YES;
				INFOPLIST_KEY_UILaunchScreen_Generation = YES;
				INFOPLIST_KEY_UISupportedInterfaceOrientations_iPad = "UIInterfaceOrientationPortrait UIInterfaceOrientationPortraitUpsideDown UIInterfaceOrientationLandscapeLeft UIInterfaceOrientationLandscapeRight";
				INFOPLIST_KEY_UISupportedInterfaceOrientations_iPhone = "UIInterfaceOrientationPortrait UIInterfaceOrientationLandscapeLeft UIInterfaceOrientationLandscapeRight";
				IPHONEOS_DEPLOYMENT_TARGET = 17.0;
				LD_RUNPATH_SEARCH_PATHS = (
					"$(inherited)",
					"@executable_path/Frameworks",
				);
				MARKETING_VERSION = 1.0;
				PRODUCT_BUNDLE_IDENTIFIER = net.mickf.HoodsDemoApp;
				PRODUCT_NAME = "$(TARGET_NAME)";
				PROVISIONING_PROFILE_SPECIFIER = "";
				SWIFT_EMIT_LOC_STRINGS = YES;
				SWIFT_VERSION = 5.0;
				TARGETED_DEVICE_FAMILY = "1,2";
			};
			name = Debug;
		};
		00F6F57A2A66CBE50088B530 /* Release */ = {
			isa = XCBuildConfiguration;
			buildSettings = {
				ASSETCATALOG_COMPILER_APPICON_NAME = AppIcon;
				ASSETCATALOG_COMPILER_GLOBAL_ACCENT_COLOR_NAME = AccentColor;
				CODE_SIGN_IDENTITY = "Apple Development";
				CODE_SIGN_STYLE = Automatic;
				CURRENT_PROJECT_VERSION = 1;
				DEVELOPMENT_ASSET_PATHS = "\"HoodsApp/Preview Content\"";
				DEVELOPMENT_TEAM = N77R86QZUG;
				ENABLE_PREVIEWS = YES;
				GENERATE_INFOPLIST_FILE = YES;
				INFOPLIST_FILE = HoodsApp/Info.plist;
				INFOPLIST_KEY_NSCameraUsageDescription = "Here is the content of NSCameraUsageDescription from Info.plist";
				INFOPLIST_KEY_UIApplicationSceneManifest_Generation = YES;
				INFOPLIST_KEY_UIApplicationSupportsIndirectInputEvents = YES;
				INFOPLIST_KEY_UILaunchScreen_Generation = YES;
				INFOPLIST_KEY_UISupportedInterfaceOrientations_iPad = "UIInterfaceOrientationPortrait UIInterfaceOrientationPortraitUpsideDown UIInterfaceOrientationLandscapeLeft UIInterfaceOrientationLandscapeRight";
				INFOPLIST_KEY_UISupportedInterfaceOrientations_iPhone = "UIInterfaceOrientationPortrait UIInterfaceOrientationLandscapeLeft UIInterfaceOrientationLandscapeRight";
				IPHONEOS_DEPLOYMENT_TARGET = 17.0;
				LD_RUNPATH_SEARCH_PATHS = (
					"$(inherited)",
					"@executable_path/Frameworks",
				);
				MARKETING_VERSION = 1.0;
				PRODUCT_BUNDLE_IDENTIFIER = net.mickf.HoodsDemoApp;
				PRODUCT_NAME = "$(TARGET_NAME)";
				PROVISIONING_PROFILE_SPECIFIER = "";
				SWIFT_EMIT_LOC_STRINGS = YES;
				SWIFT_VERSION = 5.0;
				TARGETED_DEVICE_FAMILY = "1,2";
			};
			name = Release;
		};
		00F6F57C2A66CBE50088B530 /* Debug */ = {
			isa = XCBuildConfiguration;
			buildSettings = {
				ALWAYS_EMBED_SWIFT_STANDARD_LIBRARIES = YES;
				BUNDLE_LOADER = "$(TEST_HOST)";
				CODE_SIGN_STYLE = Automatic;
				CURRENT_PROJECT_VERSION = 1;
				DEVELOPMENT_TEAM = N77R86QZUG;
				GENERATE_INFOPLIST_FILE = YES;
				IPHONEOS_DEPLOYMENT_TARGET = 17.0;
				MARKETING_VERSION = 1.0;
				PRODUCT_BUNDLE_IDENTIFIER = net.mickf.HoodsAppTests;
				PRODUCT_NAME = "$(TARGET_NAME)";
				SWIFT_EMIT_LOC_STRINGS = NO;
				SWIFT_VERSION = 5.0;
				TARGETED_DEVICE_FAMILY = "1,2";
				TEST_HOST = "$(BUILT_PRODUCTS_DIR)/HoodsApp.app/$(BUNDLE_EXECUTABLE_FOLDER_PATH)/HoodsApp";
			};
			name = Debug;
		};
		00F6F57D2A66CBE50088B530 /* Release */ = {
			isa = XCBuildConfiguration;
			buildSettings = {
				ALWAYS_EMBED_SWIFT_STANDARD_LIBRARIES = YES;
				BUNDLE_LOADER = "$(TEST_HOST)";
				CODE_SIGN_STYLE = Automatic;
				CURRENT_PROJECT_VERSION = 1;
				DEVELOPMENT_TEAM = N77R86QZUG;
				GENERATE_INFOPLIST_FILE = YES;
				IPHONEOS_DEPLOYMENT_TARGET = 17.0;
				MARKETING_VERSION = 1.0;
				PRODUCT_BUNDLE_IDENTIFIER = net.mickf.HoodsAppTests;
				PRODUCT_NAME = "$(TARGET_NAME)";
				SWIFT_EMIT_LOC_STRINGS = NO;
				SWIFT_VERSION = 5.0;
				TARGETED_DEVICE_FAMILY = "1,2";
				TEST_HOST = "$(BUILT_PRODUCTS_DIR)/HoodsApp.app/$(BUNDLE_EXECUTABLE_FOLDER_PATH)/HoodsApp";
			};
			name = Release;
		};
/* End XCBuildConfiguration section */

/* Begin XCConfigurationList section */
		00F6F54F2A66CBE40088B530 /* Build configuration list for PBXProject "HoodsApp" */ = {
			isa = XCConfigurationList;
			buildConfigurations = (
				00F6F5762A66CBE50088B530 /* Debug */,
				00F6F5772A66CBE50088B530 /* Release */,
			);
			defaultConfigurationIsVisible = 0;
			defaultConfigurationName = Release;
		};
		00F6F5782A66CBE50088B530 /* Build configuration list for PBXNativeTarget "HoodsApp" */ = {
			isa = XCConfigurationList;
			buildConfigurations = (
				00F6F5792A66CBE50088B530 /* Debug */,
				00F6F57A2A66CBE50088B530 /* Release */,
			);
			defaultConfigurationIsVisible = 0;
			defaultConfigurationName = Release;
		};
		00F6F57B2A66CBE50088B530 /* Build configuration list for PBXNativeTarget "HoodsAppTests" */ = {
			isa = XCConfigurationList;
			buildConfigurations = (
				00F6F57C2A66CBE50088B530 /* Debug */,
				00F6F57D2A66CBE50088B530 /* Release */,
			);
			defaultConfigurationIsVisible = 0;
			defaultConfigurationName = Release;
		};
/* End XCConfigurationList section */

/* Begin XCRemoteSwiftPackageReference section */
		004F27722AE6DF3A00D118BA /* XCRemoteSwiftPackageReference "swift-composable-architecture" */ = {
			isa = XCRemoteSwiftPackageReference;
			repositoryURL = "https://github.com/pointfreeco/swift-composable-architecture";
			requirement = {
				kind = upToNextMajorVersion;
				minimumVersion = 1.2.0;
			};
		};
		00DCF4392B62A8EC00082C13 /* XCRemoteSwiftPackageReference "swift-snapshot-testing" */ = {
			isa = XCRemoteSwiftPackageReference;
			repositoryURL = "https://github.com/pointfreeco/swift-snapshot-testing";
			requirement = {
				kind = upToNextMajorVersion;
				minimumVersion = 1.15.2;
			};
		};
/* End XCRemoteSwiftPackageReference section */

/* Begin XCSwiftPackageProductDependency section */
		004F27732AE6DF3A00D118BA /* ComposableArchitecture */ = {
			isa = XCSwiftPackageProductDependency;
			package = 004F27722AE6DF3A00D118BA /* XCRemoteSwiftPackageReference "swift-composable-architecture" */;
			productName = ComposableArchitecture;
		};
		00BC0F6C2B632FE2000FC408 /* HoodsTestsTools */ = {
			isa = XCSwiftPackageProductDependency;
			productName = HoodsTestsTools;
		};
		00D428982AE6DF5F00397074 /* Hoods */ = {
			isa = XCSwiftPackageProductDependency;
			productName = Hoods;
		};
		00DCF43A2B62A8EC00082C13 /* InlineSnapshotTesting */ = {
			isa = XCSwiftPackageProductDependency;
			package = 00DCF4392B62A8EC00082C13 /* XCRemoteSwiftPackageReference "swift-snapshot-testing" */;
			productName = InlineSnapshotTesting;
		};
		00DCF43C2B62A8EC00082C13 /* SnapshotTesting */ = {
			isa = XCSwiftPackageProductDependency;
			package = 00DCF4392B62A8EC00082C13 /* XCRemoteSwiftPackageReference "swift-snapshot-testing" */;
			productName = SnapshotTesting;
		};
/* End XCSwiftPackageProductDependency section */
	};
	rootObject = 00F6F54C2A66CBE40088B530 /* Project object */;
}
